
Microsoft Visual Studio Solution File, Format Version 12.00
# Visual Studio Version 16
VisualStudioVersion = 16.0.31515.178
MinimumVisualStudioVersion = 10.0.40219.1
Project("{FAE04EC0-301F-11D3-BF4B-00C04F79EFBC}") = "Emploes.Api", "Emploes.Api\Emploes.Api.csproj", "{9D76B80A-AB56-4611-91AD-BF73FCD0DFFD}"
EndProject
Project("{FAE04EC0-301F-11D3-BF4B-00C04F79EFBC}") = "Emploes.Data", "Emploes.Data\Emploes.Data.csproj", "{4131C086-8FF1-43A7-9D76-9D662D56D9F3}"
EndProject
Global
	GlobalSection(SolutionConfigurationPlatforms) = preSolution
		Debug|Any CPU = Debug|Any CPU
		Release|Any CPU = Release|Any CPU
	EndGlobalSection
	GlobalSection(ProjectConfigurationPlatforms) = postSolution
		{9D76B80A-AB56-4611-91AD-BF73FCD0DFFD}.Debug|Any CPU.ActiveCfg = Debug|Any CPU
		{9D76B80A-AB56-4611-91AD-BF73FCD0DFFD}.Debug|Any CPU.Build.0 = Debug|Any CPU
		{9D76B80A-AB56-4611-91AD-BF73FCD0DFFD}.Release|Any CPU.ActiveCfg = Release|Any CPU
		{9D76B80A-AB56-4611-91AD-BF73FCD0DFFD}.Release|Any CPU.Build.0 = Release|Any CPU
		{4131C086-8FF1-43A7-9D76-9D662D56D9F3}.Debug|Any CPU.ActiveCfg = Debug|Any CPU
		{4131C086-8FF1-43A7-9D76-9D662D56D9F3}.Debug|Any CPU.Build.0 = Debug|Any CPU
		{4131C086-8FF1-43A7-9D76-9D662D56D9F3}.Release|Any CPU.ActiveCfg = Release|Any CPU
		{4131C086-8FF1-43A7-9D76-9D662D56D9F3}.Release|Any CPU.Build.0 = Release|Any CPU
	EndGlobalSection
	GlobalSection(SolutionProperties) = preSolution
		HideSolutionNode = FALSE
	EndGlobalSection
	GlobalSection(ExtensibilityGlobals) = postSolution
		SolutionGuid = {1CDC53EE-5119-4E87-A7BB-2F1B37B3DED5}
	EndGlobalSection
EndGlobal
